
Microsoft Visual Studio Solution File, Format Version 12.00
# Visual Studio Version 17
VisualStudioVersion = 17.5.33120.50
MinimumVisualStudioVersion = 10.0.40219.1
Project("{9A19103F-16F7-4668-BE54-9A1E7A4F7556}") = "trie", "trie.csproj", "{DAD1929D-E419-4C64-B89A-D9F771F0FD6D}"
EndProject
Global
	GlobalSection(SolutionConfigurationPlatforms) = preSolution
		Debug|Any CPU = Debug|Any CPU
		Release|Any CPU = Release|Any CPU
	EndGlobalSection
	GlobalSection(ProjectConfigurationPlatforms) = postSolution
		{DAD1929D-E419-4C64-B89A-D9F771F0FD6D}.Debug|Any CPU.ActiveCfg = Debug|Any CPU
		{DAD1929D-E419-4C64-B89A-D9F771F0FD6D}.Debug|Any CPU.Build.0 = Debug|Any CPU
		{DAD1929D-E419-4C64-B89A-D9F771F0FD6D}.Release|Any CPU.ActiveCfg = Release|Any CPU
		{DAD1929D-E419-4C64-B89A-D9F771F0FD6D}.Release|Any CPU.Build.0 = Release|Any CPU
	EndGlobalSection
	GlobalSection(SolutionProperties) = preSolution
		HideSolutionNode = FALSE
	EndGlobalSection
	GlobalSection(ExtensibilityGlobals) = postSolution
		SolutionGuid = {D0A8FE0D-0647-46AF-85F2-9661500E42A3}
	EndGlobalSection
EndGlobal
